
Microsoft Visual Studio Solution File, Format Version 12.00
# Visual Studio 15
VisualStudioVersion = 15.0.27004.2008
MinimumVisualStudioVersion = 10.0.40219.1
Project("{FAE04EC0-301F-11D3-BF4B-00C04F79EFBC}") = "copyBillingJqueryForm", "copyBillingJqueryForm\copyBillingJqueryForm.csproj", "{EBE8987C-CDB0-4D2E-B0C2-47BBC06DDE0E}"
EndProject
Global
	GlobalSection(SolutionConfigurationPlatforms) = preSolution
		Debug|Any CPU = Debug|Any CPU
		Release|Any CPU = Release|Any CPU
	EndGlobalSection
	GlobalSection(ProjectConfigurationPlatforms) = postSolution
		{EBE8987C-CDB0-4D2E-B0C2-47BBC06DDE0E}.Debug|Any CPU.ActiveCfg = Debug|Any CPU
		{EBE8987C-CDB0-4D2E-B0C2-47BBC06DDE0E}.Debug|Any CPU.Build.0 = Debug|Any CPU
		{EBE8987C-CDB0-4D2E-B0C2-47BBC06DDE0E}.Release|Any CPU.ActiveCfg = Release|Any CPU
		{EBE8987C-CDB0-4D2E-B0C2-47BBC06DDE0E}.Release|Any CPU.Build.0 = Release|Any CPU
	EndGlobalSection
	GlobalSection(SolutionProperties) = preSolution
		HideSolutionNode = FALSE
	EndGlobalSection
	GlobalSection(ExtensibilityGlobals) = postSolution
		SolutionGuid = {FE648D25-677B-46F5-93B1-553C6A3A4B3E}
	EndGlobalSection
EndGlobal
